// !$*UTF8*$!
{
	archiveVersion = 1;
	classes = {
	};
	objectVersion = 46;
	objects = {

/* Begin PBXBuildFile section */
		8573D83C1B82F81D0090D4C8 /* AppDelegate.swift in Sources */ = {isa = PBXBuildFile; fileRef = 8573D83B1B82F81D0090D4C8 /* AppDelegate.swift */; };
		8573D83E1B82F81D0090D4C8 /* ViewController.swift in Sources */ = {isa = PBXBuildFile; fileRef = 8573D83D1B82F81D0090D4C8 /* ViewController.swift */; };
		8573D8411B82F81D0090D4C8 /* Main.storyboard in Resources */ = {isa = PBXBuildFile; fileRef = 8573D83F1B82F81D0090D4C8 /* Main.storyboard */; };
		8573D8431B82F81D0090D4C8 /* Images.xcassets in Resources */ = {isa = PBXBuildFile; fileRef = 8573D8421B82F81D0090D4C8 /* Images.xcassets */; };
		8573D8461B82F81D0090D4C8 /* LaunchScreen.xib in Resources */ = {isa = PBXBuildFile; fileRef = 8573D8441B82F81D0090D4C8 /* LaunchScreen.xib */; };
		8573D8521B82F81D0090D4C8 /* PeekTests.swift in Sources */ = {isa = PBXBuildFile; fileRef = 8573D8511B82F81D0090D4C8 /* PeekTests.swift */; };
/* End PBXBuildFile section */

/* Begin PBXContainerItemProxy section */
		8573D84C1B82F81D0090D4C8 /* PBXContainerItemProxy */ = {
			isa = PBXContainerItemProxy;
			containerPortal = 8573D82E1B82F81D0090D4C8 /* Project object */;
			proxyType = 1;
			remoteGlobalIDString = 8573D8351B82F81D0090D4C8;
			remoteInfo = Peek;
		};
/* End PBXContainerItemProxy section */

/* Begin PBXFileReference section */
		8573D8361B82F81D0090D4C8 /* Peek.app */ = {isa = PBXFileReference; explicitFileType = wrapper.application; includeInIndex = 0; path = Peek.app; sourceTree = BUILT_PRODUCTS_DIR; };
		8573D83A1B82F81D0090D4C8 /* Info.plist */ = {isa = PBXFileReference; lastKnownFileType = text.plist.xml; path = Info.plist; sourceTree = "<group>"; };
		8573D83B1B82F81D0090D4C8 /* AppDelegate.swift */ = {isa = PBXFileReference; lastKnownFileType = sourcecode.swift; path = AppDelegate.swift; sourceTree = "<group>"; };
		8573D83D1B82F81D0090D4C8 /* ViewController.swift */ = {isa = PBXFileReference; lastKnownFileType = sourcecode.swift; path = ViewController.swift; sourceTree = "<group>"; };
		8573D8401B82F81D0090D4C8 /* Base */ = {isa = PBXFileReference; lastKnownFileType = file.storyboard; name = Base; path = Base.lproj/Main.storyboard; sourceTree = "<group>"; };
		8573D8421B82F81D0090D4C8 /* Images.xcassets */ = {isa = PBXFileReference; lastKnownFileType = folder.assetcatalog; path = Images.xcassets; sourceTree = "<group>"; };
		8573D8451B82F81D0090D4C8 /* Base */ = {isa = PBXFileReference; lastKnownFileType = file.xib; name = Base; path = Base.lproj/LaunchScreen.xib; sourceTree = "<group>"; };
		8573D84B1B82F81D0090D4C8 /* PeekTests.xctest */ = {isa = PBXFileReference; explicitFileType = wrapper.cfbundle; includeInIndex = 0; path = PeekTests.xctest; sourceTree = BUILT_PRODUCTS_DIR; };
		8573D8501B82F81D0090D4C8 /* Info.plist */ = {isa = PBXFileReference; lastKnownFileType = text.plist.xml; path = Info.plist; sourceTree = "<group>"; };
		8573D8511B82F81D0090D4C8 /* PeekTests.swift */ = {isa = PBXFileReference; lastKnownFileType = sourcecode.swift; path = PeekTests.swift; sourceTree = "<group>"; };
/* End PBXFileReference section */

/* Begin PBXFrameworksBuildPhase section */
		8573D8331B82F81D0090D4C8 /* Frameworks */ = {
			isa = PBXFrameworksBuildPhase;
			buildActionMask = 2147483647;
			files = (
			);
			runOnlyForDeploymentPostprocessing = 0;
		};
		8573D8481B82F81D0090D4C8 /* Frameworks */ = {
			isa = PBXFrameworksBuildPhase;
			buildActionMask = 2147483647;
			files = (
			);
			runOnlyForDeploymentPostprocessing = 0;
		};
/* End PBXFrameworksBuildPhase section */

/* Begin PBXGroup section */
		8573D82D1B82F81D0090D4C8 = {
			isa = PBXGroup;
			children = (
				8573D8381B82F81D0090D4C8 /* Peek */,
				8573D84E1B82F81D0090D4C8 /* PeekTests */,
				8573D8371B82F81D0090D4C8 /* Products */,
			);
			sourceTree = "<group>";
		};
		8573D8371B82F81D0090D4C8 /* Products */ = {
			isa = PBXGroup;
			children = (
				8573D8361B82F81D0090D4C8 /* Peek.app */,
				8573D84B1B82F81D0090D4C8 /* PeekTests.xctest */,
			);
			name = Products;
			sourceTree = "<group>";
		};
		8573D8381B82F81D0090D4C8 /* Peek */ = {
			isa = PBXGroup;
			children = (
				8573D83B1B82F81D0090D4C8 /* AppDelegate.swift */,
				8573D83D1B82F81D0090D4C8 /* ViewController.swift */,
				8573D83F1B82F81D0090D4C8 /* Main.storyboard */,
				8573D8421B82F81D0090D4C8 /* Images.xcassets */,
				8573D8441B82F81D0090D4C8 /* LaunchScreen.xib */,
				8573D8391B82F81D0090D4C8 /* Supporting Files */,
			);
			path = Peek;
			sourceTree = "<group>";
		};
		8573D8391B82F81D0090D4C8 /* Supporting Files */ = {
			isa = PBXGroup;
			children = (
				8573D83A1B82F81D0090D4C8 /* Info.plist */,
			);
			name = "Supporting Files";
			sourceTree = "<group>";
		};
		8573D84E1B82F81D0090D4C8 /* PeekTests */ = {
			isa = PBXGroup;
			children = (
				8573D8511B82F81D0090D4C8 /* PeekTests.swift */,
				8573D84F1B82F81D0090D4C8 /* Supporting Files */,
			);
			path = PeekTests;
			sourceTree = "<group>";
		};
		8573D84F1B82F81D0090D4C8 /* Supporting Files */ = {
			isa = PBXGroup;
			children = (
				8573D8501B82F81D0090D4C8 /* Info.plist */,
			);
			name = "Supporting Files";
			sourceTree = "<group>";
		};
/* End PBXGroup section */

/* Begin PBXNativeTarget section */
		8573D8351B82F81D0090D4C8 /* Peek */ = {
			isa = PBXNativeTarget;
			buildConfigurationList = 8573D8551B82F81D0090D4C8 /* Build configuration list for PBXNativeTarget "Peek" */;
			buildPhases = (
				8573D8321B82F81D0090D4C8 /* Sources */,
				8573D8331B82F81D0090D4C8 /* Frameworks */,
				8573D8341B82F81D0090D4C8 /* Resources */,
			);
			buildRules = (
			);
			dependencies = (
			);
			name = Peek;
			productName = Peek;
			productReference = 8573D8361B82F81D0090D4C8 /* Peek.app */;
			productType = "com.apple.product-type.application";
		};
		8573D84A1B82F81D0090D4C8 /* PeekTests */ = {
			isa = PBXNativeTarget;
			buildConfigurationList = 8573D8581B82F81D0090D4C8 /* Build configuration list for PBXNativeTarget "PeekTests" */;
			buildPhases = (
				8573D8471B82F81D0090D4C8 /* Sources */,
				8573D8481B82F81D0090D4C8 /* Frameworks */,
				8573D8491B82F81D0090D4C8 /* Resources */,
			);
			buildRules = (
			);
			dependencies = (
				8573D84D1B82F81D0090D4C8 /* PBXTargetDependency */,
			);
			name = PeekTests;
			productName = PeekTests;
			productReference = 8573D84B1B82F81D0090D4C8 /* PeekTests.xctest */;
			productType = "com.apple.product-type.bundle.unit-test";
		};
/* End PBXNativeTarget section */

/* Begin PBXProject section */
		8573D82E1B82F81D0090D4C8 /* Project object */ = {
			isa = PBXProject;
			attributes = {
				LastUpgradeCheck = 0640;
				ORGANIZATIONNAME = "Neamah Hussein";
				TargetAttributes = {
					8573D8351B82F81D0090D4C8 = {
						CreatedOnToolsVersion = 6.4;
					};
					8573D84A1B82F81D0090D4C8 = {
						CreatedOnToolsVersion = 6.4;
						TestTargetID = 8573D8351B82F81D0090D4C8;
					};
				};
			};
			buildConfigurationList = 8573D8311B82F81D0090D4C8 /* Build configuration list for PBXProject "Peek" */;
			compatibilityVersion = "Xcode 3.2";
			developmentRegion = English;
			hasScannedForEncodings = 0;
			knownRegions = (
				en,
				Base,
			);
			mainGroup = 8573D82D1B82F81D0090D4C8;
			productRefGroup = 8573D8371B82F81D0090D4C8 /* Products */;
			projectDirPath = "";
			projectRoot = "";
			targets = (
				8573D8351B82F81D0090D4C8 /* Peek */,
				8573D84A1B82F81D0090D4C8 /* PeekTests */,
			);
		};
/* End PBXProject section */

/* Begin PBXResourcesBuildPhase section */
		8573D8341B82F81D0090D4C8 /* Resources */ = {
			isa = PBXResourcesBuildPhase;
			buildActionMask = 2147483647;
			files = (
				8573D8411B82F81D0090D4C8 /* Main.storyboard in Resources */,
				8573D8461B82F81D0090D4C8 /* LaunchScreen.xib in Resources */,
				8573D8431B82F81D0090D4C8 /* Images.xcassets in Resources */,
			);
			runOnlyForDeploymentPostprocessing = 0;
		};
		8573D8491B82F81D0090D4C8 /* Resources */ = {
			isa = PBXResourcesBuildPhase;
			buildActionMask = 2147483647;
			files = (
			);
			runOnlyForDeploymentPostprocessing = 0;
		};
/* End PBXResourcesBuildPhase section */

/* Begin PBXSourcesBuildPhase section */
		8573D8321B82F81D0090D4C8 /* Sources */ = {
			isa = PBXSourcesBuildPhase;
			buildActionMask = 2147483647;
			files = (
				8573D83E1B82F81D0090D4C8 /* ViewController.swift in Sources */,
				8573D83C1B82F81D0090D4C8 /* AppDelegate.swift in Sources */,
			);
			runOnlyForDeploymentPostprocessing = 0;
		};
		8573D8471B82F81D0090D4C8 /* Sources */ = {
			isa = PBXSourcesBuildPhase;
			buildActionMask = 2147483647;
			files = (
				8573D8521B82F81D0090D4C8 /* PeekTests.swift in Sources */,
			);
			runOnlyForDeploymentPostprocessing = 0;
		};
/* End PBXSourcesBuildPhase section */

/* Begin PBXTargetDependency section */
		8573D84D1B82F81D0090D4C8 /* PBXTargetDependency */ = {
			isa = PBXTargetDependency;
			target = 8573D8351B82F81D0090D4C8 /* Peek */;
			targetProxy = 8573D84C1B82F81D0090D4C8 /* PBXContainerItemProxy */;
		};
/* End PBXTargetDependency section */

/* Begin PBXVariantGroup section */
		8573D83F1B82F81D0090D4C8 /* Main.storyboard */ = {
			isa = PBXVariantGroup;
			children = (
				8573D8401B82F81D0090D4C8 /* Base */,
			);
			name = Main.storyboard;
			sourceTree = "<group>";
		};
		8573D8441B82F81D0090D4C8 /* LaunchScreen.xib */ = {
			isa = PBXVariantGroup;
			children = (
				8573D8451B82F81D0090D4C8 /* Base */,
			);
			name = LaunchScreen.xib;
			sourceTree = "<group>";
		};
/* End PBXVariantGroup section */

/* Begin XCBuildConfiguration section */
		8573D8531B82F81D0090D4C8 /* Debug */ = {
			isa = XCBuildConfiguration;
			buildSettings = {
				ALWAYS_SEARCH_USER_PATHS = NO;
				CLANG_CXX_LANGUAGE_STANDARD = "gnu++0x";
				CLANG_CXX_LIBRARY = "libc++";
				CLANG_ENABLE_MODULES = YES;
				CLANG_ENABLE_OBJC_ARC = YES;
				CLANG_WARN_BOOL_CONVERSION = YES;
				CLANG_WARN_CONSTANT_CONVERSION = YES;
				CLANG_WARN_DIRECT_OBJC_ISA_USAGE = YES_ERROR;
				CLANG_WARN_EMPTY_BODY = YES;
				CLANG_WARN_ENUM_CONVERSION = YES;
				CLANG_WARN_INT_CONVERSION = YES;
				CLANG_WARN_OBJC_ROOT_CLASS = YES_ERROR;
				CLANG_WARN_UNREACHABLE_CODE = YES;
				CLANG_WARN__DUPLICATE_METHOD_MATCH = YES;
				"CODE_SIGN_IDENTITY[sdk=iphoneos*]" = "iPhone Developer";
				COPY_PHASE_STRIP = NO;
				DEBUG_INFORMATION_FORMAT = "dwarf-with-dsym";
				ENABLE_STRICT_OBJC_MSGSEND = YES;
				GCC_C_LANGUAGE_STANDARD = gnu99;
				GCC_DYNAMIC_NO_PIC = NO;
				GCC_NO_COMMON_BLOCKS = YES;
				GCC_OPTIMIZATION_LEVEL = 0;
				GCC_PREPROCESSOR_DEFINITIONS = (
					"DEBUG=1",
					"$(inherited)",
				);
				GCC_SYMBOLS_PRIVATE_EXTERN = NO;
				GCC_WARN_64_TO_32_BIT_CONVERSION = YES;
				GCC_WARN_ABOUT_RETURN_TYPE = YES_ERROR;
				GCC_WARN_UNDECLARED_SELECTOR = YES;
				GCC_WARN_UNINITIALIZED_AUTOS = YES_AGGRESSIVE;
				GCC_WARN_UNUSED_FUNCTION = YES;
				GCC_WARN_UNUSED_VARIABLE = YES;
				IPHONEOS_DEPLOYMENT_TARGET = 8.4;
				MTL_ENABLE_DEBUG_INFO = YES;
				ONLY_ACTIVE_ARCH = YES;
				SDKROOT = iphoneos;
				SWIFT_OPTIMIZATION_LEVEL = "-Onone";
				TARGETED_DEVICE_FAMILY = "1,2";
			};
			name = Debug;
		};
		8573D8541B82F81D0090D4C8 /* Release */ = {
			isa = XCBuildConfiguration;
			buildSettings = {
				ALWAYS_SEARCH_USER_PATHS = NO;
				CLANG_CXX_LANGUAGE_STANDARD = "gnu++0x";
				CLANG_CXX_LIBRARY = "libc++";
				CLANG_ENABLE_MODULES = YES;
				CLANG_ENABLE_OBJC_ARC = YES;
				CLANG_WARN_BOOL_CONVERSION = YES;
				CLANG_WARN_CONSTANT_CONVERSION = YES;
				CLANG_WARN_DIRECT_OBJC_ISA_USAGE = YES_ERROR;
				CLANG_WARN_EMPTY_BODY = YES;
				CLANG_WARN_ENUM_CONVERSION = YES;
				CLANG_WARN_INT_CONVERSION = YES;
				CLANG_WARN_OBJC_ROOT_CLASS = YES_ERROR;
				CLANG_WARN_UNREACHABLE_CODE = YES;
				CLANG_WARN__DUPLICATE_METHOD_MATCH = YES;
				"CODE_SIGN_IDENTITY[sdk=iphoneos*]" = "iPhone Developer";
				COPY_PHASE_STRIP = NO;
				DEBUG_INFORMATION_FORMAT = "dwarf-with-dsym";
				ENABLE_NS_ASSERTIONS = NO;
				ENABLE_STRICT_OBJC_MSGSEND = YES;
				GCC_C_LANGUAGE_STANDARD = gnu99;
				GCC_NO_COMMON_BLOCKS = YES;
				GCC_WARN_64_TO_32_BIT_CONVERSION = YES;
				GCC_WARN_ABOUT_RETURN_TYPE = YES_ERROR;
				GCC_WARN_UNDECLARED_SELECTOR = YES;
				GCC_WARN_UNINITIALIZED_AUTOS = YES_AGGRESSIVE;
				GCC_WARN_UNUSED_FUNCTION = YES;
				GCC_WARN_UNUSED_VARIABLE = YES;
				IPHONEOS_DEPLOYMENT_TARGET = 8.4;
				MTL_ENABLE_DEBUG_INFO = NO;
				SDKROOT = iphoneos;
				TARGETED_DEVICE_FAMILY = "1,2";
				VALIDATE_PRODUCT = YES;
			};
			name = Release;
		};
		8573D8561B82F81D0090D4C8 /* Debug */ = {
			isa = XCBuildConfiguration;
			buildSettings = {
				ASSETCATALOG_COMPILER_APPICON_NAME = AppIcon;
				INFOPLIST_FILE = Peek/Info.plist;
				LD_RUNPATH_SEARCH_PATHS = "$(inherited) @executable_path/Frameworks";
				PRODUCT_NAME = "$(TARGET_NAME)";
			};
			name = Debug;
		};
		8573D8571B82F81D0090D4C8 /* Release */ = {
			isa = XCBuildConfiguration;
			buildSettings = {
				ASSETCATALOG_COMPILER_APPICON_NAME = AppIcon;
				INFOPLIST_FILE = Peek/Info.plist;
				LD_RUNPATH_SEARCH_PATHS = "$(inherited) @executable_path/Frameworks";
				PRODUCT_NAME = "$(TARGET_NAME)";
			};
			name = Release;
		};
		8573D8591B82F81D0090D4C8 /* Debug */ = {
			isa = XCBuildConfiguration;
			buildSettings = {
				BUNDLE_LOADER = "$(TEST_HOST)";
				FRAMEWORK_SEARCH_PATHS = (
					"$(SDKROOT)/Developer/Library/Frameworks",
					"$(inherited)",
				);
				GCC_PREPROCESSOR_DEFINITIONS = (
					"DEBUG=1",
					"$(inherited)",
				);
				INFOPLIST_FILE = PeekTests/Info.plist;
				LD_RUNPATH_SEARCH_PATHS = "$(inherited) @executable_path/Frameworks @loader_path/Frameworks";
				PRODUCT_NAME = "$(TARGET_NAME)";
				TEST_HOST = "$(BUILT_PRODUCTS_DIR)/Peek.app/Peek";
			};
			name = Debug;
		};
		8573D85A1B82F81D0090D4C8 /* Release */ = {
			isa = XCBuildConfiguration;
			buildSettings = {
				BUNDLE_LOADER = "$(TEST_HOST)";
				FRAMEWORK_SEARCH_PATHS = (
					"$(SDKROOT)/Developer/Library/Frameworks",
					"$(inherited)",
				);
				INFOPLIST_FILE = PeekTests/Info.plist;
				LD_RUNPATH_SEARCH_PATHS = "$(inherited) @executable_path/Frameworks @loader_path/Frameworks";
				PRODUCT_NAME = "$(TARGET_NAME)";
				TEST_HOST = "$(BUILT_PRODUCTS_DIR)/Peek.app/Peek";
			};
			name = Release;
		};
/* End XCBuildConfiguration section */

/* Begin XCConfigurationList section */
		8573D8311B82F81D0090D4C8 /* Build configuration list for PBXProject "Peek" */ = {
			isa = XCConfigurationList;
			buildConfigurations = (
				8573D8531B82F81D0090D4C8 /* Debug */,
				8573D8541B82F81D0090D4C8 /* Release */,
			);
			defaultConfigurationIsVisible = 0;
			defaultConfigurationName = Release;
		};
		8573D8551B82F81D0090D4C8 /* Build configuration list for PBXNativeTarget "Peek" */ = {
			isa = XCConfigurationList;
			buildConfigurations = (
				8573D8561B82F81D0090D4C8 /* Debug */,
				8573D8571B82F81D0090D4C8 /* Release */,
			);
			defaultConfigurationIsVisible = 0;
		};
		8573D8581B82F81D0090D4C8 /* Build configuration list for PBXNativeTarget "PeekTests" */ = {
			isa = XCConfigurationList;
			buildConfigurations = (
				8573D8591B82F81D0090D4C8 /* Debug */,
				8573D85A1B82F81D0090D4C8 /* Release */,
			);
			defaultConfigurationIsVisible = 0;
		};
/* End XCConfigurationList section */
	};
	rootObject = 8573D82E1B82F81D0090D4C8 /* Project object */;
}
